git.sr.ht/~sircmpwn/scm.sr.ht v0.0.0-20191204153510-f740494d6b60 h1:24gw/gL9vvY2v7HDGwLOK9dsq2QOCbDTDzsVoyS0jeo=
git.sr.ht/~sircmpwn/scm.sr.ht v0.0.0-20191216200818-fe384884e5d5 h1:a1FxFMrVtqbcku5qy6FPjYZZHhOals4V1yeaKEYOLrI=
git.sr.ht/~sircmpwn/scm.sr.ht/srht-keys v0.0.0-20191216200818-fe384884e5d5 h1:A2UMGo9EB5kZxWh166dsEYd0uLJ2+6m9B9XM8OXV97I=
git.sr.ht/~sircmpwn/scm.sr.ht/srht-keys v0.0.0-20191216200818-fe384884e5d5/go.mod h1:Agf7zmDrTdkJ5BiCLb9jwpEiV3JCMAVFyzUtLVHUgOE=
github.com/go-redis/redis v6.15.6+incompatible h1:H9evprGPLI8+ci7fxQx6WNZHJSb7be8FqJQRhdQZ5Sg=
github.com/go-redis/redis v6.15.6+incompatible/go.mod h1:NAIEuMOZ/fxfXJIrKDQDz8wamY7mA7PouImQ2Jvg6kA=
github.com/google/uuid v1.1.1 h1:Gkbcsh/GbpXz7lPftLA3P6TYMwjCLYm83jiFQZF/3gY=
github.com/google/uuid v1.1.1/go.mod h1:TIyPZe4MgqvfeYDBFedMoGGpEw/LqOeaOT+nhxU+yHo=
github.com/lib/pq v1.2.0 h1:LXpIM/LZ5xGFhOpXAQUIMM1HdyqzVYM13zNdjCEEcA0=
github.com/lib/pq v1.2.0/go.mod h1:5WUZQaWbwv1U+lTReE5YruASi9Al49XbQIvNi/34Woo=
github.com/lib/pq v1.3.0 h1:/qkRGz8zljWiDcFvgpwUpwIAPu3r07TDvs3Rws+o/pU=
github.com/lib/pq v1.3.0/go.mod h1:5WUZQaWbwv1U+lTReE5YruASi9Al49XbQIvNi/34Woo=
github.com/vaughan0/go-ini v0.0.0-20130923145212-a98ad7ee00ec h1:DGmKwyZwEB8dI7tbLt/I/gQuP559o/0FrAkHKlQM/Ks=
github.com/vaughan0/go-ini v0.0.0-20130923145212-a98ad7ee00ec/go.mod h1:owBmyHYMLkxyrugmfwE/DLJyW8Ro9mkphwuVErQ0iUw=
